
Microsoft Visual Studio Solution File, Format Version 12.00
# Visual Studio Version 17
VisualStudioVersion = 17.14.36705.20 d17.14
MinimumVisualStudioVersion = 10.0.40219.1
Project("{FAE04EC0-301F-11D3-BF4B-00C04F79EFBC}") = "ModelValidationExample", "ModelValidationExample\ModelValidationExample.csproj", "{4532E520-48FA-4C1F-BE51-3FFEB7F2586A}"
EndProject
Global
	GlobalSection(SolutionConfigurationPlatforms) = preSolution
		Debug|Any CPU = Debug|Any CPU
		Release|Any CPU = Release|Any CPU
	EndGlobalSection
	GlobalSection(ProjectConfigurationPlatforms) = postSolution
		{4532E520-48FA-4C1F-BE51-3FFEB7F2586A}.Debug|Any CPU.ActiveCfg = Debug|Any CPU
		{4532E520-48FA-4C1F-BE51-3FFEB7F2586A}.Debug|Any CPU.Build.0 = Debug|Any CPU
		{4532E520-48FA-4C1F-BE51-3FFEB7F2586A}.Release|Any CPU.ActiveCfg = Release|Any CPU
		{4532E520-48FA-4C1F-BE51-3FFEB7F2586A}.Release|Any CPU.Build.0 = Release|Any CPU
	EndGlobalSection
	GlobalSection(SolutionProperties) = preSolution
		HideSolutionNode = FALSE
	EndGlobalSection
	GlobalSection(ExtensibilityGlobals) = postSolution
		SolutionGuid = {AC827162-2216-4506-88B2-D115E829B16D}
	EndGlobalSection
EndGlobal
